// !$*UTF8*$!
{
	archiveVersion = 1;
	classes = {
	};
	objectVersion = 46;
	objects = {

/* Begin PBXBuildFile section */
		E3D867A71FB80FB800964135 /* AppDelegate.swift in Sources */ = {isa = PBXBuildFile; fileRef = E3D867A61FB80FB800964135 /* AppDelegate.swift */; };
		E3D867A91FB80FB800964135 /* ViewController.swift in Sources */ = {isa = PBXBuildFile; fileRef = E3D867A81FB80FB800964135 /* ViewController.swift */; };
		E3D867AC1FB80FB800964135 /* Main.storyboard in Resources */ = {isa = PBXBuildFile; fileRef = E3D867AA1FB80FB800964135 /* Main.storyboard */; };
		E3D867AE1FB80FB800964135 /* Assets.xcassets in Resources */ = {isa = PBXBuildFile; fileRef = E3D867AD1FB80FB800964135 /* Assets.xcassets */; };
		E3D867B11FB80FB800964135 /* LaunchScreen.storyboard in Resources */ = {isa = PBXBuildFile; fileRef = E3D867AF1FB80FB800964135 /* LaunchScreen.storyboard */; };
		E3D867B91FB8283300964135 /* LoginViewController.swift in Sources */ = {isa = PBXBuildFile; fileRef = E3D867B81FB8283300964135 /* LoginViewController.swift */; };
		E3D867BB1FB82AE100964135 /* HomeViewController.swift in Sources */ = {isa = PBXBuildFile; fileRef = E3D867BA1FB82AE100964135 /* HomeViewController.swift */; };
		E3D867BD1FB82B4400964135 /* ImageSelectViewController.swift in Sources */ = {isa = PBXBuildFile; fileRef = E3D867BC1FB82B4400964135 /* ImageSelectViewController.swift */; };
		E3D867BF1FB82BAD00964135 /* PostViewController.swift in Sources */ = {isa = PBXBuildFile; fileRef = E3D867BE1FB82BAD00964135 /* PostViewController.swift */; };
		E3D867C11FB82C1E00964135 /* SettingViewController.swift in Sources */ = {isa = PBXBuildFile; fileRef = E3D867C01FB82C1E00964135 /* SettingViewController.swift */; };
/* End PBXBuildFile section */

/* Begin PBXFileReference section */
		E3D867A31FB80FB800964135 /* Instagram.app */ = {isa = PBXFileReference; explicitFileType = wrapper.application; includeInIndex = 0; path = Instagram.app; sourceTree = BUILT_PRODUCTS_DIR; };
		E3D867A61FB80FB800964135 /* AppDelegate.swift */ = {isa = PBXFileReference; lastKnownFileType = sourcecode.swift; path = AppDelegate.swift; sourceTree = "<group>"; };
		E3D867A81FB80FB800964135 /* ViewController.swift */ = {isa = PBXFileReference; lastKnownFileType = sourcecode.swift; path = ViewController.swift; sourceTree = "<group>"; };
		E3D867AB1FB80FB800964135 /* Base */ = {isa = PBXFileReference; lastKnownFileType = file.storyboard; name = Base; path = Base.lproj/Main.storyboard; sourceTree = "<group>"; };
		E3D867AD1FB80FB800964135 /* Assets.xcassets */ = {isa = PBXFileReference; lastKnownFileType = folder.assetcatalog; path = Assets.xcassets; sourceTree = "<group>"; };
		E3D867B01FB80FB800964135 /* Base */ = {isa = PBXFileReference; lastKnownFileType = file.storyboard; name = Base; path = Base.lproj/LaunchScreen.storyboard; sourceTree = "<group>"; };
		E3D867B21FB80FB800964135 /* Info.plist */ = {isa = PBXFileReference; lastKnownFileType = text.plist.xml; path = Info.plist; sourceTree = "<group>"; };
		E3D867B81FB8283300964135 /* LoginViewController.swift */ = {isa = PBXFileReference; fileEncoding = 4; lastKnownFileType = sourcecode.swift; path = LoginViewController.swift; sourceTree = "<group>"; };
		E3D867BA1FB82AE100964135 /* HomeViewController.swift */ = {isa = PBXFileReference; fileEncoding = 4; lastKnownFileType = sourcecode.swift; path = HomeViewController.swift; sourceTree = "<group>"; };
		E3D867BC1FB82B4400964135 /* ImageSelectViewController.swift */ = {isa = PBXFileReference; fileEncoding = 4; lastKnownFileType = sourcecode.swift; path = ImageSelectViewController.swift; sourceTree = "<group>"; };
		E3D867BE1FB82BAD00964135 /* PostViewController.swift */ = {isa = PBXFileReference; fileEncoding = 4; lastKnownFileType = sourcecode.swift; path = PostViewController.swift; sourceTree = "<group>"; };
		E3D867C01FB82C1E00964135 /* SettingViewController.swift */ = {isa = PBXFileReference; fileEncoding = 4; lastKnownFileType = sourcecode.swift; path = SettingViewController.swift; sourceTree = "<group>"; };
/* End PBXFileReference section */

/* Begin PBXFrameworksBuildPhase section */
		E3D867A01FB80FB800964135 /* Frameworks */ = {
			isa = PBXFrameworksBuildPhase;
			buildActionMask = 2147483647;
			files = (
			);
			runOnlyForDeploymentPostprocessing = 0;
		};
/* End PBXFrameworksBuildPhase section */

/* Begin PBXGroup section */
		E3D8679A1FB80FB800964135 = {
			isa = PBXGroup;
			children = (
				E3D867A51FB80FB800964135 /* Instagram */,
				E3D867A41FB80FB800964135 /* Products */,
			);
			sourceTree = "<group>";
		};
		E3D867A41FB80FB800964135 /* Products */ = {
			isa = PBXGroup;
			children = (
				E3D867A31FB80FB800964135 /* Instagram.app */,
			);
			name = Products;
			sourceTree = "<group>";
		};
		E3D867A51FB80FB800964135 /* Instagram */ = {
			isa = PBXGroup;
			children = (
				E3D867A61FB80FB800964135 /* AppDelegate.swift */,
				E3D867A81FB80FB800964135 /* ViewController.swift */,
				E3D867AA1FB80FB800964135 /* Main.storyboard */,
				E3D867C01FB82C1E00964135 /* SettingViewController.swift */,
				E3D867BE1FB82BAD00964135 /* PostViewController.swift */,
				E3D867BC1FB82B4400964135 /* ImageSelectViewController.swift */,
				E3D867BA1FB82AE100964135 /* HomeViewController.swift */,
				E3D867B81FB8283300964135 /* LoginViewController.swift */,
				E3D867AD1FB80FB800964135 /* Assets.xcassets */,
				E3D867AF1FB80FB800964135 /* LaunchScreen.storyboard */,
				E3D867B21FB80FB800964135 /* Info.plist */,
			);
			path = Instagram;
			sourceTree = "<group>";
		};
/* End PBXGroup section */

/* Begin PBXNativeTarget section */
		E3D867A21FB80FB800964135 /* Instagram */ = {
			isa = PBXNativeTarget;
			buildConfigurationList = E3D867B51FB80FB800964135 /* Build configuration list for PBXNativeTarget "Instagram" */;
			buildPhases = (
				E3D8679F1FB80FB800964135 /* Sources */,
				E3D867A01FB80FB800964135 /* Frameworks */,
				E3D867A11FB80FB800964135 /* Resources */,
			);
			buildRules = (
			);
			dependencies = (
			);
			name = Instagram;
			productName = Instagram;
			productReference = E3D867A31FB80FB800964135 /* Instagram.app */;
			productType = "com.apple.product-type.application";
		};
/* End PBXNativeTarget section */

/* Begin PBXProject section */
		E3D8679B1FB80FB800964135 /* Project object */ = {
			isa = PBXProject;
			attributes = {
				LastSwiftUpdateCheck = 0830;
				LastUpgradeCheck = 0830;
				ORGANIZATIONNAME = "kuro-git";
				TargetAttributes = {
					E3D867A21FB80FB800964135 = {
						CreatedOnToolsVersion = 8.3.3;
						ProvisioningStyle = Automatic;
					};
				};
			};
			buildConfigurationList = E3D8679E1FB80FB800964135 /* Build configuration list for PBXProject "Instagram" */;
			compatibilityVersion = "Xcode 3.2";
			developmentRegion = English;
			hasScannedForEncodings = 0;
			knownRegions = (
				en,
				Base,
			);
			mainGroup = E3D8679A1FB80FB800964135;
			productRefGroup = E3D867A41FB80FB800964135 /* Products */;
			projectDirPath = "";
			projectRoot = "";
			targets = (
				E3D867A21FB80FB800964135 /* Instagram */,
			);
		};
/* End PBXProject section */

/* Begin PBXResourcesBuildPhase section */
		E3D867A11FB80FB800964135 /* Resources */ = {
			isa = PBXResourcesBuildPhase;
			buildActionMask = 2147483647;
			files = (
				E3D867B11FB80FB800964135 /* LaunchScreen.storyboard in Resources */,
				E3D867AE1FB80FB800964135 /* Assets.xcassets in Resources */,
				E3D867AC1FB80FB800964135 /* Main.storyboard in Resources */,
			);
			runOnlyForDeploymentPostprocessing = 0;
		};
/* End PBXResourcesBuildPhase section */

/* Begin PBXSourcesBuildPhase section */
		E3D8679F1FB80FB800964135 /* Sources */ = {
			isa = PBXSourcesBuildPhase;
			buildActionMask = 2147483647;
			files = (
				E3D867BF1FB82BAD00964135 /* PostViewController.swift in Sources */,
				E3D867B91FB8283300964135 /* LoginViewController.swift in Sources */,
				E3D867A91FB80FB800964135 /* ViewController.swift in Sources */,
				E3D867A71FB80FB800964135 /* AppDelegate.swift in Sources */,
				E3D867BD1FB82B4400964135 /* ImageSelectViewController.swift in Sources */,
				E3D867C11FB82C1E00964135 /* SettingViewController.swift in Sources */,
				E3D867BB1FB82AE100964135 /* HomeViewController.swift in Sources */,
			);
			runOnlyForDeploymentPostprocessing = 0;
		};
/* End PBXSourcesBuildPhase section */

/* Begin PBXVariantGroup section */
		E3D867AA1FB80FB800964135 /* Main.storyboard */ = {
			isa = PBXVariantGroup;
			children = (
				E3D867AB1FB80FB800964135 /* Base */,
			);
			name = Main.storyboard;
			sourceTree = "<group>";
		};
		E3D867AF1FB80FB800964135 /* LaunchScreen.storyboard */ = {
			isa = PBXVariantGroup;
			children = (
				E3D867B01FB80FB800964135 /* Base */,
			);
			name = LaunchScreen.storyboard;
			sourceTree = "<group>";
		};
/* End PBXVariantGroup section */

/* Begin XCBuildConfiguration section */
		E3D867B31FB80FB800964135 /* Debug */ = {
			isa = XCBuildConfiguration;
			buildSettings = {
				ALWAYS_SEARCH_USER_PATHS = NO;
				CLANG_ANALYZER_NONNULL = YES;
				CLANG_ANALYZER_NUMBER_OBJECT_CONVERSION = YES_AGGRESSIVE;
				CLANG_CXX_LANGUAGE_STANDARD = "gnu++0x";
				CLANG_CXX_LIBRARY = "libc++";
				CLANG_ENABLE_MODULES = YES;
				CLANG_ENABLE_OBJC_ARC = YES;
				CLANG_WARN_BOOL_CONVERSION = YES;
				CLANG_WARN_CONSTANT_CONVERSION = YES;
				CLANG_WARN_DIRECT_OBJC_ISA_USAGE = YES_ERROR;
				CLANG_WARN_DOCUMENTATION_COMMENTS = YES;
				CLANG_WARN_EMPTY_BODY = YES;
				CLANG_WARN_ENUM_CONVERSION = YES;
				CLANG_WARN_INFINITE_RECURSION = YES;
				CLANG_WARN_INT_CONVERSION = YES;
				CLANG_WARN_OBJC_ROOT_CLASS = YES_ERROR;
				CLANG_WARN_SUSPICIOUS_MOVE = YES;
				CLANG_WARN_UNREACHABLE_CODE = YES;
				CLANG_WARN__DUPLICATE_METHOD_MATCH = YES;
				"CODE_SIGN_IDENTITY[sdk=iphoneos*]" = "iPhone Developer";
				COPY_PHASE_STRIP = NO;
				DEBUG_INFORMATION_FORMAT = dwarf;
				ENABLE_STRICT_OBJC_MSGSEND = YES;
				ENABLE_TESTABILITY = YES;
				GCC_C_LANGUAGE_STANDARD = gnu99;
				GCC_DYNAMIC_NO_PIC = NO;
				GCC_NO_COMMON_BLOCKS = YES;
				GCC_OPTIMIZATION_LEVEL = 0;
				GCC_PREPROCESSOR_DEFINITIONS = (
					"DEBUG=1",
					"$(inherited)",
				);
				GCC_WARN_64_TO_32_BIT_CONVERSION = YES;
				GCC_WARN_ABOUT_RETURN_TYPE = YES_ERROR;
				GCC_WARN_UNDECLARED_SELECTOR = YES;
				GCC_WARN_UNINITIALIZED_AUTOS = YES_AGGRESSIVE;
				GCC_WARN_UNUSED_FUNCTION = YES;
				GCC_WARN_UNUSED_VARIABLE = YES;
				IPHONEOS_DEPLOYMENT_TARGET = 10.3;
				MTL_ENABLE_DEBUG_INFO = YES;
				ONLY_ACTIVE_ARCH = YES;
				SDKROOT = iphoneos;
				SWIFT_ACTIVE_COMPILATION_CONDITIONS = DEBUG;
				SWIFT_OPTIMIZATION_LEVEL = "-Onone";
			};
			name = Debug;
		};
		E3D867B41FB80FB800964135 /* Release */ = {
			isa = XCBuildConfiguration;
			buildSettings = {
				ALWAYS_SEARCH_USER_PATHS = NO;
				CLANG_ANALYZER_NONNULL = YES;
				CLANG_ANALYZER_NUMBER_OBJECT_CONVERSION = YES_AGGRESSIVE;
				CLANG_CXX_LANGUAGE_STANDARD = "gnu++0x";
				CLANG_CXX_LIBRARY = "libc++";
				CLANG_ENABLE_MODULES = YES;
				CLANG_ENABLE_OBJC_ARC = YES;
				CLANG_WARN_BOOL_CONVERSION = YES;
				CLANG_WARN_CONSTANT_CONVERSION = YES;
				CLANG_WARN_DIRECT_OBJC_ISA_USAGE = YES_ERROR;
				CLANG_WARN_DOCUMENTATION_COMMENTS = YES;
				CLANG_WARN_EMPTY_BODY = YES;
				CLANG_WARN_ENUM_CONVERSION = YES;
				CLANG_WARN_INFINITE_RECURSION = YES;
				CLANG_WARN_INT_CONVERSION = YES;
				CLANG_WARN_OBJC_ROOT_CLASS = YES_ERROR;
				CLANG_WARN_SUSPICIOUS_MOVE = YES;
				CLANG_WARN_UNREACHABLE_CODE = YES;
				CLANG_WARN__DUPLICATE_METHOD_MATCH = YES;
				"CODE_SIGN_IDENTITY[sdk=iphoneos*]" = "iPhone Developer";
				COPY_PHASE_STRIP = NO;
				DEBUG_INFORMATION_FORMAT = "dwarf-with-dsym";
				ENABLE_NS_ASSERTIONS = NO;
				ENABLE_STRICT_OBJC_MSGSEND = YES;
				GCC_C_LANGUAGE_STANDARD = gnu99;
				GCC_NO_COMMON_BLOCKS = YES;
				GCC_WARN_64_TO_32_BIT_CONVERSION = YES;
				GCC_WARN_ABOUT_RETURN_TYPE = YES_ERROR;
				GCC_WARN_UNDECLARED_SELECTOR = YES;
				GCC_WARN_UNINITIALIZED_AUTOS = YES_AGGRESSIVE;
				GCC_WARN_UNUSED_FUNCTION = YES;
				GCC_WARN_UNUSED_VARIABLE = YES;
				IPHONEOS_DEPLOYMENT_TARGET = 10.3;
				MTL_ENABLE_DEBUG_INFO = NO;
				SDKROOT = iphoneos;
				SWIFT_OPTIMIZATION_LEVEL = "-Owholemodule";
				VALIDATE_PRODUCT = YES;
			};
			name = Release;
		};
		E3D867B61FB80FB800964135 /* Debug */ = {
			isa = XCBuildConfiguration;
			buildSettings = {
				ASSETCATALOG_COMPILER_APPICON_NAME = AppIcon;
				INFOPLIST_FILE = Instagram/Info.plist;
				LD_RUNPATH_SEARCH_PATHS = "$(inherited) @executable_path/Frameworks";
				PRODUCT_BUNDLE_IDENTIFIER = "jp.techacademy.kuro-git.Instagram";
				PRODUCT_NAME = "$(TARGET_NAME)";
				SWIFT_VERSION = 3.0;
			};
			name = Debug;
		};
		E3D867B71FB80FB800964135 /* Release */ = {
			isa = XCBuildConfiguration;
			buildSettings = {
				ASSETCATALOG_COMPILER_APPICON_NAME = AppIcon;
				INFOPLIST_FILE = Instagram/Info.plist;
				LD_RUNPATH_SEARCH_PATHS = "$(inherited) @executable_path/Frameworks";
				PRODUCT_BUNDLE_IDENTIFIER = "jp.techacademy.kuro-git.Instagram";
				PRODUCT_NAME = "$(TARGET_NAME)";
				SWIFT_VERSION = 3.0;
			};
			name = Release;
		};
/* End XCBuildConfiguration section */

/* Begin XCConfigurationList section */
		E3D8679E1FB80FB800964135 /* Build configuration list for PBXProject "Instagram" */ = {
			isa = XCConfigurationList;
			buildConfigurations = (
				E3D867B31FB80FB800964135 /* Debug */,
				E3D867B41FB80FB800964135 /* Release */,
			);
			defaultConfigurationIsVisible = 0;
			defaultConfigurationName = Release;
		};
		E3D867B51FB80FB800964135 /* Build configuration list for PBXNativeTarget "Instagram" */ = {
			isa = XCConfigurationList;
			buildConfigurations = (
				E3D867B61FB80FB800964135 /* Debug */,
				E3D867B71FB80FB800964135 /* Release */,
			);
			defaultConfigurationIsVisible = 0;
		};
/* End XCConfigurationList section */
	};
	rootObject = E3D8679B1FB80FB800964135 /* Project object */;
}
